Microsoft Visual Studio Solution File, Format Version 11.00
# Visual Studio 2008

Project("{F48D8A0A-A430-F848-68EE-C88D5B560C28}") = "ADS TEST", "Assembly-CSharp.csproj", "{1608AB77-2615-914F-CFFE-9FA9CC7F4E5A}"
EndProject
Global
	GlobalSection(SolutionConfigurationPlatforms) = preSolution
		Debug|Any CPU = Debug|Any CPU
		Release|Any CPU = Release|Any CPU
	EndGlobalSection
	GlobalSection(ProjectConfigurationPlatforms) = postSolution
		{1608AB77-2615-914F-CFFE-9FA9CC7F4E5A}.Debug|Any CPU.ActiveCfg = Debug|Any CPU
		{1608AB77-2615-914F-CFFE-9FA9CC7F4E5A}.Debug|Any CPU.Build.0 = Debug|Any CPU
		{1608AB77-2615-914F-CFFE-9FA9CC7F4E5A}.Release|Any CPU.ActiveCfg = Release|Any CPU
		{1608AB77-2615-914F-CFFE-9FA9CC7F4E5A}.Release|Any CPU.Build.0 = Release|Any CPU
	EndGlobalSection
	GlobalSection(SolutionProperties) = preSolution
		HideSolutionNode = FALSE
	EndGlobalSection
	GlobalSection(MonoDevelopProperties) = preSolution
		StartupItem = Assembly-CSharp.csproj
	EndGlobalSection
EndGlobal
